// !$*UTF8*$!
{
	archiveVersion = 1;
	classes = {
	};
	objectVersion = 77;
	objects = {

/* Begin PBXBuildFile section */
		94C2F7A02F2A1E34000C1A98 /* Auth in Frameworks */ = {isa = PBXBuildFile; productRef = 94C2F79F2F2A1E34000C1A98 /* Auth */; };
		94C2F7A22F2A1E34000C1A98 /* Functions in Frameworks */ = {isa = PBXBuildFile; productRef = 94C2F7A12F2A1E34000C1A98 /* Functions */; };
		94C2F7A42F2A1E34000C1A98 /* PostgREST in Frameworks */ = {isa = PBXBuildFile; productRef = 94C2F7A32F2A1E34000C1A98 /* PostgREST */; };
		94C2F7A62F2A1E34000C1A98 /* Realtime in Frameworks */ = {isa = PBXBuildFile; productRef = 94C2F7A52F2A1E34000C1A98 /* Realtime */; };
		94C2F7A82F2A1E34000C1A98 /* Storage in Frameworks */ = {isa = PBXBuildFile; productRef = 94C2F7A72F2A1E34000C1A98 /* Storage */; };
		94C2F7D42F2A2FC1000C1A98 /* AuthenticationServices.framework in Frameworks */ = {isa = PBXBuildFile; fileRef = 94C2F7D32F2A2FC1000C1A98 /* AuthenticationServices.framework */; };
		94C2F7E02F2A3059000C1A98 /* Supabase in Frameworks */ = {isa = PBXBuildFile; productRef = 94C2F7DF2F2A3059000C1A98 /* Supabase */; };
/* End PBXBuildFile section */

/* Begin PBXContainerItemProxy section */
		94319C412E96742100CCF6A3 /* PBXContainerItemProxy */ = {
			isa = PBXContainerItemProxy;
			containerPortal = 94319C292E96742000CCF6A3 /* Project object */;
			proxyType = 1;
			remoteGlobalIDString = 94319C302E96742000CCF6A3;
			remoteInfo = Track21;
		};
		94319C4B2E96742100CCF6A3 /* PBXContainerItemProxy */ = {
			isa = PBXContainerItemProxy;
			containerPortal = 94319C292E96742000CCF6A3 /* Project object */;
			proxyType = 1;
			remoteGlobalIDString = 94319C302E96742000CCF6A3;
			remoteInfo = Track21;
		};
/* End PBXContainerItemProxy section */

/* Begin PBXFileReference section */
		94319C312E96742000CCF6A3 /* Track21 – 21 Day Habit Builder.app */ = {isa = PBXFileReference; explicitFileType = wrapper.application; includeInIndex = 0; path = "Track21 – 21 Day Habit Builder.app"; sourceTree = BUILT_PRODUCTS_DIR; };
		94319C402E96742100CCF6A3 /* Track21Tests.xctest */ = {isa = PBXFileReference; explicitFileType = wrapper.cfbundle; includeInIndex = 0; path = Track21Tests.xctest; sourceTree = BUILT_PRODUCTS_DIR; };
		94319C4A2E96742100CCF6A3 /* Track21UITests.xctest */ = {isa = PBXFileReference; explicitFileType = wrapper.cfbundle; includeInIndex = 0; path = Track21UITests.xctest; sourceTree = BUILT_PRODUCTS_DIR; };
		94C2F7D32F2A2FC1000C1A98 /* AuthenticationServices.framework */ = {isa = PBXFileReference; lastKnownFileType = wrapper.framework; name = AuthenticationServices.framework; path = Platforms/iPhoneOS.platform/Developer/SDKs/iPhoneOS26.0.sdk/System/Library/Frameworks/AuthenticationServices.framework; sourceTree = DEVELOPER_DIR; };
/* End PBXFileReference section */

/* Begin PBXFileSystemSynchronizedBuildFileExceptionSet section */
		94C95C7A2F38DCE400B0ABD5 /* Exceptions for "Track21" folder in "Track21" target */ = {
			isa = PBXFileSystemSynchronizedBuildFileExceptionSet;
			membershipExceptions = (
				Info.plist,
			);
			target = 94319C302E96742000CCF6A3 /* Track21 */;
		};
/* End PBXFileSystemSynchronizedBuildFileExceptionSet section */

/* Begin PBXFileSystemSynchronizedRootGroup section */
		94319C332E96742000CCF6A3 /* Track21 */ = {
			isa = PBXFileSystemSynchronizedRootGroup;
			exceptions = (
				94C95C7A2F38DCE400B0ABD5 /* Exceptions for "Track21" folder in "Track21" target */,
			);
			path = Track21;
			sourceTree = "<group>";
		};
		94319C432E96742100CCF6A3 /* Track21Tests */ = {
			isa = PBXFileSystemSynchronizedRootGroup;
			path = Track21Tests;
			sourceTree = "<group>";
		};
		94319C4D2E96742100CCF6A3 /* Track21UITests */ = {
			isa = PBXFileSystemSynchronizedRootGroup;
			path = Track21UITests;
			sourceTree = "<group>";
		};
		949CD8C82E9D1AE6000CE242 /* .github */ = {
			isa = PBXFileSystemSynchronizedRootGroup;
			path = .github;
			sourceTree = "<group>";
		};
/* End PBXFileSystemSynchronizedRootGroup section */

/* Begin PBXFrameworksBuildPhase section */
		94319C2E2E96742000CCF6A3 /* Frameworks */ = {
			isa = PBXFrameworksBuildPhase;
			buildActionMask = 2147483647;
			files = (
				94C2F7E02F2A3059000C1A98 /* Supabase in Frameworks */,
				94C2F7D42F2A2FC1000C1A98 /* AuthenticationServices.framework in Frameworks */,
				94C2F7A42F2A1E34000C1A98 /* PostgREST in Frameworks */,
				94C2F7A22F2A1E34000C1A98 /* Functions in Frameworks */,
				94C2F7A02F2A1E34000C1A98 /* Auth in Frameworks */,
				94C2F7A82F2A1E34000C1A98 /* Storage in Frameworks */,
				94C2F7A62F2A1E34000C1A98 /* Realtime in Frameworks */,
			);
			runOnlyForDeploymentPostprocessing = 0;
		};
		94319C3D2E96742100CCF6A3 /* Frameworks */ = {
			isa = PBXFrameworksBuildPhase;
			buildActionMask = 2147483647;
			files = (
			);
			runOnlyForDeploymentPostprocessing = 0;
		};
		94319C472E96742100CCF6A3 /* Frameworks */ = {
			isa = PBXFrameworksBuildPhase;
			buildActionMask = 2147483647;
			files = (
			);
			runOnlyForDeploymentPostprocessing = 0;
		};
/* End PBXFrameworksBuildPhase section */

/* Begin PBXGroup section */
		94319C282E96742000CCF6A3 = {
			isa = PBXGroup;
			children = (
				94319C332E96742000CCF6A3 /* Track21 */,
				94319C432E96742100CCF6A3 /* Track21Tests */,
				94319C4D2E96742100CCF6A3 /* Track21UITests */,
				94319C322E96742000CCF6A3 /* Products */,
				949CD8C82E9D1AE6000CE242 /* .github */,
				94C2F7D22F2A2FAB000C1A98 /* Frameworks */,
			);
			sourceTree = "<group>";
		};
		94319C322E96742000CCF6A3 /* Products */ = {
			isa = PBXGroup;
			children = (
				94319C312E96742000CCF6A3 /* Track21 – 21 Day Habit Builder.app */,
				94319C402E96742100CCF6A3 /* Track21Tests.xctest */,
				94319C4A2E96742100CCF6A3 /* Track21UITests.xctest */,
			);
			name = Products;
			sourceTree = "<group>";
		};
		94C2F7D22F2A2FAB000C1A98 /* Frameworks */ = {
			isa = PBXGroup;
			children = (
				94C2F7D32F2A2FC1000C1A98 /* AuthenticationServices.framework */,
			);
			name = Frameworks;
			sourceTree = "<group>";
		};
/* End PBXGroup section */

/* Begin PBXNativeTarget section */
		94319C302E96742000CCF6A3 /* Track21 */ = {
			isa = PBXNativeTarget;
			buildConfigurationList = 94319C542E96742100CCF6A3 /* Build configuration list for PBXNativeTarget "Track21" */;
			buildPhases = (
				94319C2D2E96742000CCF6A3 /* Sources */,
				94319C2E2E96742000CCF6A3 /* Frameworks */,
				94319C2F2E96742000CCF6A3 /* Resources */,
			);
			buildRules = (
			);
			dependencies = (
				94C2F7DE2F2A3016000C1A98 /* PBXTargetDependency */,
				94C2F7DC2F2A300D000C1A98 /* PBXTargetDependency */,
				94C2F7DA2F2A3009000C1A98 /* PBXTargetDependency */,
				94C2F7D82F2A3005000C1A98 /* PBXTargetDependency */,
				94C2F7D62F2A2FFE000C1A98 /* PBXTargetDependency */,
				94C2F7AE2F2A1F63000C1A98 /* PBXTargetDependency */,
			);
			fileSystemSynchronizedGroups = (
				94319C332E96742000CCF6A3 /* Track21 */,
				949CD8C82E9D1AE6000CE242 /* .github */,
			);
			name = Track21;
			packageProductDependencies = (
				94C2F79F2F2A1E34000C1A98 /* Auth */,
				94C2F7A12F2A1E34000C1A98 /* Functions */,
				94C2F7A32F2A1E34000C1A98 /* PostgREST */,
				94C2F7A52F2A1E34000C1A98 /* Realtime */,
				94C2F7A72F2A1E34000C1A98 /* Storage */,
				94C2F7DF2F2A3059000C1A98 /* Supabase */,
			);
			productName = Track21;
			productReference = 94319C312E96742000CCF6A3 /* Track21 – 21 Day Habit Builder.app */;
			productType = "com.apple.product-type.application";
		};
		94319C3F2E96742100CCF6A3 /* Track21Tests */ = {
			isa = PBXNativeTarget;
			buildConfigurationList = 94319C572E96742100CCF6A3 /* Build configuration list for PBXNativeTarget "Track21Tests" */;
			buildPhases = (
				94319C3C2E96742100CCF6A3 /* Sources */,
				94319C3D2E96742100CCF6A3 /* Frameworks */,
				94319C3E2E96742100CCF6A3 /* Resources */,
			);
			buildRules = (
			);
			dependencies = (
				94319C422E96742100CCF6A3 /* PBXTargetDependency */,
			);
			fileSystemSynchronizedGroups = (
				94319C432E96742100CCF6A3 /* Track21Tests */,
			);
			name = Track21Tests;
			packageProductDependencies = (
			);
			productName = Track21Tests;
			productReference = 94319C402E96742100CCF6A3 /* Track21Tests.xctest */;
			productType = "com.apple.product-type.bundle.unit-test";
		};
		94319C492E96742100CCF6A3 /* Track21UITests */ = {
			isa = PBXNativeTarget;
			buildConfigurationList = 94319C5A2E96742100CCF6A3 /* Build configuration list for PBXNativeTarget "Track21UITests" */;
			buildPhases = (
				94319C462E96742100CCF6A3 /* Sources */,
				94319C472E96742100CCF6A3 /* Frameworks */,
				94319C482E96742100CCF6A3 /* Resources */,
			);
			buildRules = (
			);
			dependencies = (
				94319C4C2E96742100CCF6A3 /* PBXTargetDependency */,
			);
			fileSystemSynchronizedGroups = (
				94319C4D2E96742100CCF6A3 /* Track21UITests */,
			);
			name = Track21UITests;
			packageProductDependencies = (
			);
			productName = Track21UITests;
			productReference = 94319C4A2E96742100CCF6A3 /* Track21UITests.xctest */;
			productType = "com.apple.product-type.bundle.ui-testing";
		};
/* End PBXNativeTarget section */

/* Begin PBXProject section */
		94319C292E96742000CCF6A3 /* Project object */ = {
			isa = PBXProject;
			attributes = {
				BuildIndependentTargetsInParallel = 1;
				LastSwiftUpdateCheck = 2600;
				LastUpgradeCheck = 2600;
				TargetAttributes = {
					94319C302E96742000CCF6A3 = {
						CreatedOnToolsVersion = 26.0.1;
					};
					94319C3F2E96742100CCF6A3 = {
						CreatedOnToolsVersion = 26.0.1;
						TestTargetID = 94319C302E96742000CCF6A3;
					};
					94319C492E96742100CCF6A3 = {
						CreatedOnToolsVersion = 26.0.1;
						TestTargetID = 94319C302E96742000CCF6A3;
					};
				};
			};
			buildConfigurationList = 94319C2C2E96742000CCF6A3 /* Build configuration list for PBXProject "Track21" */;
			developmentRegion = en;
			hasScannedForEncodings = 0;
			knownRegions = (
				en,
				Base,
			);
			mainGroup = 94319C282E96742000CCF6A3;
			minimizedProjectReferenceProxies = 1;
			packageReferences = (
				94C2F79E2F2A1E34000C1A98 /* XCRemoteSwiftPackageReference "supabase-swift" */,
			);
			preferredProjectObjectVersion = 77;
			productRefGroup = 94319C322E96742000CCF6A3 /* Products */;
			projectDirPath = "";
			projectRoot = "";
			targets = (
				94319C302E96742000CCF6A3 /* Track21 */,
				94319C3F2E96742100CCF6A3 /* Track21Tests */,
				94319C492E96742100CCF6A3 /* Track21UITests */,
			);
		};
/* End PBXProject section */

/* Begin PBXResourcesBuildPhase section */
		94319C2F2E96742000CCF6A3 /* Resources */ = {
			isa = PBXResourcesBuildPhase;
			buildActionMask = 2147483647;
			files = (
			);
			runOnlyForDeploymentPostprocessing = 0;
		};
		94319C3E2E96742100CCF6A3 /* Resources */ = {
			isa = PBXResourcesBuildPhase;
			buildActionMask = 2147483647;
			files = (
			);
			runOnlyForDeploymentPostprocessing = 0;
		};
		94319C482E96742100CCF6A3 /* Resources */ = {
			isa = PBXResourcesBuildPhase;
			buildActionMask = 2147483647;
			files = (
			);
			runOnlyForDeploymentPostprocessing = 0;
		};
/* End PBXResourcesBuildPhase section */

/* Begin PBXSourcesBuildPhase section */
		94319C2D2E96742000CCF6A3 /* Sources */ = {
			isa = PBXSourcesBuildPhase;
			buildActionMask = 2147483647;
			files = (
			);
			runOnlyForDeploymentPostprocessing = 0;
		};
		94319C3C2E96742100CCF6A3 /* Sources */ = {
			isa = PBXSourcesBuildPhase;
			buildActionMask = 2147483647;
			files = (
			);
			runOnlyForDeploymentPostprocessing = 0;
		};
		94319C462E96742100CCF6A3 /* Sources */ = {
			isa = PBXSourcesBuildPhase;
			buildActionMask = 2147483647;
			files = (
			);
			runOnlyForDeploymentPostprocessing = 0;
		};
/* End PBXSourcesBuildPhase section */

/* Begin PBXTargetDependency section */
		94319C422E96742100CCF6A3 /* PBXTargetDependency */ = {
			isa = PBXTargetDependency;
			target = 94319C302E96742000CCF6A3 /* Track21 */;
			targetProxy = 94319C412E96742100CCF6A3 /* PBXContainerItemProxy */;
		};
		94319C4C2E96742100CCF6A3 /* PBXTargetDependency */ = {
			isa = PBXTargetDependency;
			target = 94319C302E96742000CCF6A3 /* Track21 */;
			targetProxy = 94319C4B2E96742100CCF6A3 /* PBXContainerItemProxy */;
		};
		94C2F7AE2F2A1F63000C1A98 /* PBXTargetDependency */ = {
			isa = PBXTargetDependency;
			productRef = 94C2F7AD2F2A1F63000C1A98 /* Supabase */;
		};
		94C2F7D62F2A2FFE000C1A98 /* PBXTargetDependency */ = {
			isa = PBXTargetDependency;
			productRef = 94C2F7D52F2A2FFE000C1A98 /* Auth */;
		};
		94C2F7D82F2A3005000C1A98 /* PBXTargetDependency */ = {
			isa = PBXTargetDependency;
			productRef = 94C2F7D72F2A3005000C1A98 /* Functions */;
		};
		94C2F7DA2F2A3009000C1A98 /* PBXTargetDependency */ = {
			isa = PBXTargetDependency;
			productRef = 94C2F7D92F2A3009000C1A98 /* PostgREST */;
		};
		94C2F7DC2F2A300D000C1A98 /* PBXTargetDependency */ = {
			isa = PBXTargetDependency;
			productRef = 94C2F7DB2F2A300D000C1A98 /* Realtime */;
		};
		94C2F7DE2F2A3016000C1A98 /* PBXTargetDependency */ = {
			isa = PBXTargetDependency;
			productRef = 94C2F7DD2F2A3016000C1A98 /* Storage */;
		};
/* End PBXTargetDependency section */

/* Begin XCBuildConfiguration section */
		94319C522E96742100CCF6A3 /* Debug */ = {
			isa = XCBuildConfiguration;
			buildSettings = {
				ALWAYS_SEARCH_USER_PATHS = NO;
				ASSETCATALOG_COMPILER_GENERATE_SWIFT_ASSET_SYMBOL_EXTENSIONS = YES;
				CLANG_ANALYZER_NONNULL = YES;
				CLANG_ANALYZER_NUMBER_OBJECT_CONVERSION = YES_AGGRESSIVE;
				CLANG_CXX_LANGUAGE_STANDARD = "gnu++20";
				CLANG_ENABLE_MODULES = YES;
				CLANG_ENABLE_OBJC_ARC = YES;
				CLANG_ENABLE_OBJC_WEAK = YES;
				CLANG_WARN_BLOCK_CAPTURE_AUTORELEASING = YES;
				CLANG_WARN_BOOL_CONVERSION = YES;
				CLANG_WARN_COMMA = YES;
				CLANG_WARN_CONSTANT_CONVERSION = YES;
				CLANG_WARN_DEPRECATED_OBJC_IMPLEMENTATIONS = YES;
				CLANG_WARN_DIRECT_OBJC_ISA_USAGE = YES_ERROR;
				CLANG_WARN_DOCUMENTATION_COMMENTS = YES;
				CLANG_WARN_EMPTY_BODY = YES;
				CLANG_WARN_ENUM_CONVERSION = YES;
				CLANG_WARN_INFINITE_RECURSION = YES;
				CLANG_WARN_INT_CONVERSION = YES;
				CLANG_WARN_NON_LITERAL_NULL_CONVERSION = YES;
				CLANG_WARN_OBJC_IMPLICIT_RETAIN_SELF = YES;
				CLANG_WARN_OBJC_LITERAL_CONVERSION = YES;
				CLANG_WARN_OBJC_ROOT_CLASS = YES_ERROR;
				CLANG_WARN_QUOTED_INCLUDE_IN_FRAMEWORK_HEADER = YES;
				CLANG_WARN_RANGE_LOOP_ANALYSIS = YES;
				CLANG_WARN_STRICT_PROTOTYPES = YES;
				CLANG_WARN_SUSPICIOUS_MOVE = YES;
				CLANG_WARN_UNGUARDED_AVAILABILITY = YES_AGGRESSIVE;
				CLANG_WARN_UNREACHABLE_CODE = YES;
				CLANG_WARN__DUPLICATE_METHOD_MATCH = YES;
				COPY_PHASE_STRIP = NO;
				DEBUG_INFORMATION_FORMAT = dwarf;
				DEVELOPMENT_TEAM = 5A8J3H9TB9;
				ENABLE_STRICT_OBJC_MSGSEND = YES;
				ENABLE_TESTABILITY = YES;
				ENABLE_USER_SCRIPT_SANDBOXING = YES;
				GCC_C_LANGUAGE_STANDARD = gnu17;
				GCC_DYNAMIC_NO_PIC = NO;
				GCC_NO_COMMON_BLOCKS = YES;
				GCC_OPTIMIZATION_LEVEL = 0;
				GCC_PREPROCESSOR_DEFINITIONS = (
					"DEBUG=1",
					"$(inherited)",
				);
				GCC_WARN_64_TO_32_BIT_CONVERSION = YES;
				GCC_WARN_ABOUT_RETURN_TYPE = YES_ERROR;
				GCC_WARN_UNDECLARED_SELECTOR = YES;
				GCC_WARN_UNINITIALIZED_AUTOS = YES_AGGRESSIVE;
				GCC_WARN_UNUSED_FUNCTION = YES;
				GCC_WARN_UNUSED_VARIABLE = YES;
				LOCALIZATION_PREFERS_STRING_CATALOGS = YES;
				MTL_ENABLE_DEBUG_INFO = INCLUDE_SOURCE;
				MTL_FAST_MATH = YES;
				ONLY_ACTIVE_ARCH = YES;
				SWIFT_ACTIVE_COMPILATION_CONDITIONS = "DEBUG $(inherited)";
				SWIFT_OPTIMIZATION_LEVEL = "-Onone";
			};
			name = Debug;
		};
		94319C532E96742100CCF6A3 /* Release */ = {
			isa = XCBuildConfiguration;
			buildSettings = {
				ALWAYS_SEARCH_USER_PATHS = NO;
				ASSETCATALOG_COMPILER_GENERATE_SWIFT_ASSET_SYMBOL_EXTENSIONS = YES;
				CLANG_ANALYZER_NONNULL = YES;
				CLANG_ANALYZER_NUMBER_OBJECT_CONVERSION = YES_AGGRESSIVE;
				CLANG_CXX_LANGUAGE_STANDARD = "gnu++20";
				CLANG_ENABLE_MODULES = YES;
				CLANG_ENABLE_OBJC_ARC = YES;
				CLANG_ENABLE_OBJC_WEAK = YES;
				CLANG_WARN_BLOCK_CAPTURE_AUTORELEASING = YES;
				CLANG_WARN_BOOL_CONVERSION = YES;
				CLANG_WARN_COMMA = YES;
				CLANG_WARN_CONSTANT_CONVERSION = YES;
				CLANG_WARN_DEPRECATED_OBJC_IMPLEMENTATIONS = YES;
				CLANG_WARN_DIRECT_OBJC_ISA_USAGE = YES_ERROR;
				CLANG_WARN_DOCUMENTATION_COMMENTS = YES;
				CLANG_WARN_EMPTY_BODY = YES;
				CLANG_WARN_ENUM_CONVERSION = YES;
				CLANG_WARN_INFINITE_RECURSION = YES;
				CLANG_WARN_INT_CONVERSION = YES;
				CLANG_WARN_NON_LITERAL_NULL_CONVERSION = YES;
				CLANG_WARN_OBJC_IMPLICIT_RETAIN_SELF = YES;
				CLANG_WARN_OBJC_LITERAL_CONVERSION = YES;
				CLANG_WARN_OBJC_ROOT_CLASS = YES_ERROR;
				CLANG_WARN_QUOTED_INCLUDE_IN_FRAMEWORK_HEADER = YES;
				CLANG_WARN_RANGE_LOOP_ANALYSIS = YES;
				CLANG_WARN_STRICT_PROTOTYPES = YES;
				CLANG_WARN_SUSPICIOUS_MOVE = YES;
				CLANG_WARN_UNGUARDED_AVAILABILITY = YES_AGGRESSIVE;
				CLANG_WARN_UNREACHABLE_CODE = YES;
				CLANG_WARN__DUPLICATE_METHOD_MATCH = YES;
				COPY_PHASE_STRIP = NO;
				DEBUG_INFORMATION_FORMAT = "dwarf-with-dsym";
				DEVELOPMENT_TEAM = 5A8J3H9TB9;
				ENABLE_NS_ASSERTIONS = NO;
				ENABLE_STRICT_OBJC_MSGSEND = YES;
				ENABLE_USER_SCRIPT_SANDBOXING = YES;
				GCC_C_LANGUAGE_STANDARD = gnu17;
				GCC_NO_COMMON_BLOCKS = YES;
				GCC_WARN_64_TO_32_BIT_CONVERSION = YES;
				GCC_WARN_ABOUT_RETURN_TYPE = YES_ERROR;
				GCC_WARN_UNDECLARED_SELECTOR = YES;
				GCC_WARN_UNINITIALIZED_AUTOS = YES_AGGRESSIVE;
				GCC_WARN_UNUSED_FUNCTION = YES;
				GCC_WARN_UNUSED_VARIABLE = YES;
				LOCALIZATION_PREFERS_STRING_CATALOGS = YES;
				MTL_ENABLE_DEBUG_INFO = NO;
				MTL_FAST_MATH = YES;
				SWIFT_COMPILATION_MODE = wholemodule;
			};
			name = Release;
		};
		94319C552E96742100CCF6A3 /* Debug */ = {
			isa = XCBuildConfiguration;
			buildSettings = {
				ASSETCATALOG_COMPILER_APPICON_NAME = AppIcon;
				ASSETCATALOG_COMPILER_GLOBAL_ACCENT_COLOR_NAME = AccentColor;
				AUTOMATION_APPLE_EVENTS = NO;
				CODE_SIGN_IDENTITY = "Apple Development";
				CODE_SIGN_STYLE = Automatic;
				CURRENT_PROJECT_VERSION = 1;
				DEVELOPMENT_TEAM = 5A8J3H9TB9;
				ENABLE_APP_SANDBOX = YES;
				ENABLE_HARDENED_RUNTIME = YES;
				ENABLE_PREVIEWS = YES;
				ENABLE_RESOURCE_ACCESS_AUDIO_INPUT = NO;
				ENABLE_RESOURCE_ACCESS_CALENDARS = NO;
				ENABLE_RESOURCE_ACCESS_CAMERA = NO;
				ENABLE_RESOURCE_ACCESS_CONTACTS = NO;
				ENABLE_RESOURCE_ACCESS_LOCATION = NO;
				ENABLE_RESOURCE_ACCESS_PHOTO_LIBRARY = NO;
				ENABLE_USER_SELECTED_FILES = readonly;
				GENERATE_INFOPLIST_FILE = YES;
				INFOPLIST_FILE = Track21/Info.plist;
				INFOPLIST_KEY_CFBundleDisplayName = "Track-21";
				INFOPLIST_KEY_CFBundleURLTypes = "{ CFBundleURLSchemes = ( track21 ); }";
				INFOPLIST_KEY_ITSAppUsesNonExemptEncryption = NO;
				"INFOPLIST_KEY_UIApplicationSceneManifest_Generation[sdk=iphoneos*]" = YES;
				"INFOPLIST_KEY_UIApplicationSceneManifest_Generation[sdk=iphonesimulator*]" = YES;
				"INFOPLIST_KEY_UIApplicationSupportsIndirectInputEvents[sdk=iphoneos*]" = YES;
				"INFOPLIST_KEY_UIApplicationSupportsIndirectInputEvents[sdk=iphonesimulator*]" = YES;
				"INFOPLIST_KEY_UILaunchScreen_Generation[sdk=iphoneos*]" = YES;
				"INFOPLIST_KEY_UILaunchScreen_Generation[sdk=iphonesimulator*]" = YES;
				"INFOPLIST_KEY_UIStatusBarStyle[sdk=iphoneos*]" = UIStatusBarStyleDefault;
				"INFOPLIST_KEY_UIStatusBarStyle[sdk=iphonesimulator*]" = UIStatusBarStyleDefault;
				INFOPLIST_KEY_UISupportedInterfaceOrientations_iPad = "UIInterfaceOrientationPortrait UIInterfaceOrientationPortraitUpsideDown UIInterfaceOrientationLandscapeLeft UIInterfaceOrientationLandscapeRight";
				INFOPLIST_KEY_UISupportedInterfaceOrientations_iPhone = "UIInterfaceOrientationPortrait UIInterfaceOrientationLandscapeLeft UIInterfaceOrientationLandscapeRight";
				IPHONEOS_DEPLOYMENT_TARGET = 17.0;
				LD_RUNPATH_SEARCH_PATHS = "@executable_path/Frameworks";
				"LD_RUNPATH_SEARCH_PATHS[sdk=macosx*]" = "@executable_path/../Frameworks";
				MACOSX_DEPLOYMENT_TARGET = 14.0;
				MARKETING_VERSION = 1.0;
				PRODUCT_BUNDLE_IDENTIFIER = com.yourbaecodes.trackHabit;
				PRODUCT_NAME = "Track21 – 21 Day Habit Builder";
				PROVISIONING_PROFILE_SPECIFIER = "";
				REGISTER_APP_GROUPS = YES;
				RUNTIME_EXCEPTION_ALLOW_DYLD_ENVIRONMENT_VARIABLES = NO;
				RUNTIME_EXCEPTION_ALLOW_JIT = NO;
				RUNTIME_EXCEPTION_ALLOW_UNSIGNED_EXECUTABLE_MEMORY = NO;
				RUNTIME_EXCEPTION_DEBUGGING_TOOL = NO;
				RUNTIME_EXCEPTION_DISABLE_EXECUTABLE_PAGE_PROTECTION = NO;
				RUNTIME_EXCEPTION_DISABLE_LIBRARY_VALIDATION = NO;
				SDKROOT = auto;
				STRING_CATALOG_GENERATE_SYMBOLS = YES;
				SUPPORTED_PLATFORMS = "iphoneos iphonesimulator macosx xros xrsimulator";
				SWIFT_APPROACHABLE_CONCURRENCY = YES;
				SWIFT_DEFAULT_ACTOR_ISOLATION = MainActor;
				SWIFT_EMIT_LOC_STRINGS = YES;
				SWIFT_UPCOMING_FEATURE_MEMBER_IMPORT_VISIBILITY = YES;
				SWIFT_VERSION = 5.0;
				TARGETED_DEVICE_FAMILY = "1,2,7";
				XROS_DEPLOYMENT_TARGET = 26.0;
			};
			name = Debug;
		};
		94319C562E96742100CCF6A3 /* Release */ = {
			isa = XCBuildConfiguration;
			buildSettings = {
				ASSETCATALOG_COMPILER_APPICON_NAME = AppIcon;
				ASSETCATALOG_COMPILER_GLOBAL_ACCENT_COLOR_NAME = AccentColor;
				AUTOMATION_APPLE_EVENTS = NO;
				CODE_SIGN_STYLE = Automatic;
				CURRENT_PROJECT_VERSION = 1;
				DEVELOPMENT_TEAM = 5A8J3H9TB9;
				ENABLE_APP_SANDBOX = YES;
				ENABLE_HARDENED_RUNTIME = YES;
				ENABLE_PREVIEWS = YES;
				ENABLE_RESOURCE_ACCESS_AUDIO_INPUT = NO;
				ENABLE_RESOURCE_ACCESS_CALENDARS = NO;
				ENABLE_RESOURCE_ACCESS_CAMERA = NO;
				ENABLE_RESOURCE_ACCESS_CONTACTS = NO;
				ENABLE_RESOURCE_ACCESS_LOCATION = NO;
				ENABLE_RESOURCE_ACCESS_PHOTO_LIBRARY = NO;
				ENABLE_USER_SELECTED_FILES = readonly;
				GENERATE_INFOPLIST_FILE = YES;
				INFOPLIST_FILE = Track21/Info.plist;
				INFOPLIST_KEY_CFBundleDisplayName = "Track-21";
				INFOPLIST_KEY_CFBundleURLTypes = "{ CFBundleURLSchemes = ( track21 ); }";
				INFOPLIST_KEY_ITSAppUsesNonExemptEncryption = NO;
				"INFOPLIST_KEY_UIApplicationSceneManifest_Generation[sdk=iphoneos*]" = YES;
				"INFOPLIST_KEY_UIApplicationSceneManifest_Generation[sdk=iphonesimulator*]" = YES;
				"INFOPLIST_KEY_UIApplicationSupportsIndirectInputEvents[sdk=iphoneos*]" = YES;
				"INFOPLIST_KEY_UIApplicationSupportsIndirectInputEvents[sdk=iphonesimulator*]" = YES;
				"INFOPLIST_KEY_UILaunchScreen_Generation[sdk=iphoneos*]" = YES;
				"INFOPLIST_KEY_UILaunchScreen_Generation[sdk=iphonesimulator*]" = YES;
				"INFOPLIST_KEY_UIStatusBarStyle[sdk=iphoneos*]" = UIStatusBarStyleDefault;
				"INFOPLIST_KEY_UIStatusBarStyle[sdk=iphonesimulator*]" = UIStatusBarStyleDefault;
				INFOPLIST_KEY_UISupportedInterfaceOrientations_iPad = "UIInterfaceOrientationPortrait UIInterfaceOrientationPortraitUpsideDown UIInterfaceOrientationLandscapeLeft UIInterfaceOrientationLandscapeRight";
				INFOPLIST_KEY_UISupportedInterfaceOrientations_iPhone = "UIInterfaceOrientationPortrait UIInterfaceOrientationLandscapeLeft UIInterfaceOrientationLandscapeRight";
				IPHONEOS_DEPLOYMENT_TARGET = 17.0;
				LD_RUNPATH_SEARCH_PATHS = "@executable_path/Frameworks";
				"LD_RUNPATH_SEARCH_PATHS[sdk=macosx*]" = "@executable_path/../Frameworks";
				MACOSX_DEPLOYMENT_TARGET = 14.0;
				MARKETING_VERSION = 1.0;
				PRODUCT_BUNDLE_IDENTIFIER = com.yourbaecodes.trackHabit;
				PRODUCT_NAME = "Track21 – 21 Day Habit Builder";
				REGISTER_APP_GROUPS = YES;
				RUNTIME_EXCEPTION_ALLOW_DYLD_ENVIRONMENT_VARIABLES = NO;
				RUNTIME_EXCEPTION_ALLOW_JIT = NO;
				RUNTIME_EXCEPTION_ALLOW_UNSIGNED_EXECUTABLE_MEMORY = NO;
				RUNTIME_EXCEPTION_DEBUGGING_TOOL = NO;
				RUNTIME_EXCEPTION_DISABLE_EXECUTABLE_PAGE_PROTECTION = NO;
				RUNTIME_EXCEPTION_DISABLE_LIBRARY_VALIDATION = NO;
				SDKROOT = auto;
				STRING_CATALOG_GENERATE_SYMBOLS = YES;
				SUPPORTED_PLATFORMS = "iphoneos iphonesimulator macosx xros xrsimulator";
				SWIFT_APPROACHABLE_CONCURRENCY = YES;
				SWIFT_DEFAULT_ACTOR_ISOLATION = MainActor;
				SWIFT_EMIT_LOC_STRINGS = YES;
				SWIFT_UPCOMING_FEATURE_MEMBER_IMPORT_VISIBILITY = YES;
				SWIFT_VERSION = 5.0;
				TARGETED_DEVICE_FAMILY = "1,2,7";
				XROS_DEPLOYMENT_TARGET = 26.0;
			};
			name = Release;
		};
		94319C582E96742100CCF6A3 /* Debug */ = {
			isa = XCBuildConfiguration;
			buildSettings = {
				BUNDLE_LOADER = "$(TEST_HOST)";
				CODE_SIGN_STYLE = Automatic;
				CURRENT_PROJECT_VERSION = 1;
				DEVELOPMENT_TEAM = 5A8J3H9TB9;
				GENERATE_INFOPLIST_FILE = YES;
				IPHONEOS_DEPLOYMENT_TARGET = 17.0;
				MACOSX_DEPLOYMENT_TARGET = 14.0;
				MARKETING_VERSION = 1.0;
				PRODUCT_BUNDLE_IDENTIFIER = com.yourbaecodes.track21.Track21Tests;
				PRODUCT_NAME = "$(TARGET_NAME)";
				SDKROOT = auto;
				STRING_CATALOG_GENERATE_SYMBOLS = NO;
				SUPPORTED_PLATFORMS = "iphoneos iphonesimulator macosx xros xrsimulator";
				SWIFT_APPROACHABLE_CONCURRENCY = YES;
				SWIFT_EMIT_LOC_STRINGS = NO;
				SWIFT_UPCOMING_FEATURE_MEMBER_IMPORT_VISIBILITY = YES;
				SWIFT_VERSION = 5.0;
				TARGETED_DEVICE_FAMILY = "1,2,7";
				TEST_HOST = "$(BUILT_PRODUCTS_DIR)/Track21.app/$(BUNDLE_EXECUTABLE_FOLDER_PATH)/Track21";
				XROS_DEPLOYMENT_TARGET = 26.0;
			};
			name = Debug;
		};
		94319C592E96742100CCF6A3 /* Release */ = {
			isa = XCBuildConfiguration;
			buildSettings = {
				BUNDLE_LOADER = "$(TEST_HOST)";
				CODE_SIGN_STYLE = Automatic;
				CURRENT_PROJECT_VERSION = 1;
				DEVELOPMENT_TEAM = 5A8J3H9TB9;
				GENERATE_INFOPLIST_FILE = YES;
				IPHONEOS_DEPLOYMENT_TARGET = 17.0;
				MACOSX_DEPLOYMENT_TARGET = 14.0;
				MARKETING_VERSION = 1.0;
				PRODUCT_BUNDLE_IDENTIFIER = com.yourbaecodes.track21.Track21Tests;
				PRODUCT_NAME = "$(TARGET_NAME)";
				SDKROOT = auto;
				STRING_CATALOG_GENERATE_SYMBOLS = NO;
				SUPPORTED_PLATFORMS = "iphoneos iphonesimulator macosx xros xrsimulator";
				SWIFT_APPROACHABLE_CONCURRENCY = YES;
				SWIFT_EMIT_LOC_STRINGS = NO;
				SWIFT_UPCOMING_FEATURE_MEMBER_IMPORT_VISIBILITY = YES;
				SWIFT_VERSION = 5.0;
				TARGETED_DEVICE_FAMILY = "1,2,7";
				TEST_HOST = "$(BUILT_PRODUCTS_DIR)/Track21.app/$(BUNDLE_EXECUTABLE_FOLDER_PATH)/Track21";
				XROS_DEPLOYMENT_TARGET = 26.0;
			};
			name = Release;
		};
		94319C5B2E96742100CCF6A3 /* Debug */ = {
			isa = XCBuildConfiguration;
			buildSettings = {
				CODE_SIGN_STYLE = Automatic;
				CURRENT_PROJECT_VERSION = 1;
				DEVELOPMENT_TEAM = 5A8J3H9TB9;
				GENERATE_INFOPLIST_FILE = YES;
				IPHONEOS_DEPLOYMENT_TARGET = 17.0;
				MACOSX_DEPLOYMENT_TARGET = 14.0;
				MARKETING_VERSION = 1.0;
				PRODUCT_BUNDLE_IDENTIFIER = com.yourbaecodes.track21.Track21UITests;
				PRODUCT_NAME = "$(TARGET_NAME)";
				SDKROOT = auto;
				STRING_CATALOG_GENERATE_SYMBOLS = NO;
				SUPPORTED_PLATFORMS = "iphoneos iphonesimulator macosx xros xrsimulator";
				SWIFT_APPROACHABLE_CONCURRENCY = YES;
				SWIFT_EMIT_LOC_STRINGS = NO;
				SWIFT_UPCOMING_FEATURE_MEMBER_IMPORT_VISIBILITY = YES;
				SWIFT_VERSION = 5.0;
				TARGETED_DEVICE_FAMILY = "1,2,7";
				TEST_TARGET_NAME = Track21;
				XROS_DEPLOYMENT_TARGET = 26.0;
			};
			name = Debug;
		};
		94319C5C2E96742100CCF6A3 /* Release */ = {
			isa = XCBuildConfiguration;
			buildSettings = {
				CODE_SIGN_STYLE = Automatic;
				CURRENT_PROJECT_VERSION = 1;
				DEVELOPMENT_TEAM = 5A8J3H9TB9;
				GENERATE_INFOPLIST_FILE = YES;
				IPHONEOS_DEPLOYMENT_TARGET = 17.0;
				MACOSX_DEPLOYMENT_TARGET = 14.0;
				MARKETING_VERSION = 1.0;
				PRODUCT_BUNDLE_IDENTIFIER = com.yourbaecodes.track21.Track21UITests;
				PRODUCT_NAME = "$(TARGET_NAME)";
				SDKROOT = auto;
				STRING_CATALOG_GENERATE_SYMBOLS = NO;
				SUPPORTED_PLATFORMS = "iphoneos iphonesimulator macosx xros xrsimulator";
				SWIFT_APPROACHABLE_CONCURRENCY = YES;
				SWIFT_EMIT_LOC_STRINGS = NO;
				SWIFT_UPCOMING_FEATURE_MEMBER_IMPORT_VISIBILITY = YES;
				SWIFT_VERSION = 5.0;
				TARGETED_DEVICE_FAMILY = "1,2,7";
				TEST_TARGET_NAME = Track21;
				XROS_DEPLOYMENT_TARGET = 26.0;
			};
			name = Release;
		};
/* End XCBuildConfiguration section */

/* Begin XCConfigurationList section */
		94319C2C2E96742000CCF6A3 /* Build configuration list for PBXProject "Track21" */ = {
			isa = XCConfigurationList;
			buildConfigurations = (
				94319C522E96742100CCF6A3 /* Debug */,
				94319C532E96742100CCF6A3 /* Release */,
			);
			defaultConfigurationIsVisible = 0;
			defaultConfigurationName = Release;
		};
		94319C542E96742100CCF6A3 /* Build configuration list for PBXNativeTarget "Track21" */ = {
			isa = XCConfigurationList;
			buildConfigurations = (
				94319C552E96742100CCF6A3 /* Debug */,
				94319C562E96742100CCF6A3 /* Release */,
			);
			defaultConfigurationIsVisible = 0;
			defaultConfigurationName = Release;
		};
		94319C572E96742100CCF6A3 /* Build configuration list for PBXNativeTarget "Track21Tests" */ = {
			isa = XCConfigurationList;
			buildConfigurations = (
				94319C582E96742100CCF6A3 /* Debug */,
				94319C592E96742100CCF6A3 /* Release */,
			);
			defaultConfigurationIsVisible = 0;
			defaultConfigurationName = Release;
		};
		94319C5A2E96742100CCF6A3 /* Build configuration list for PBXNativeTarget "Track21UITests" */ = {
			isa = XCConfigurationList;
			buildConfigurations = (
				94319C5B2E96742100CCF6A3 /* Debug */,
				94319C5C2E96742100CCF6A3 /* Release */,
			);
			defaultConfigurationIsVisible = 0;
			defaultConfigurationName = Release;
		};
/* End XCConfigurationList section */

/* Begin XCRemoteSwiftPackageReference section */
		94C2F79E2F2A1E34000C1A98 /* XCRemoteSwiftPackageReference "supabase-swift" */ = {
			isa = XCRemoteSwiftPackageReference;
			repositoryURL = "https://github.com/supabase/supabase-swift";
			requirement = {
				kind = upToNextMajorVersion;
				minimumVersion = 2.5.1;
			};
		};
/* End XCRemoteSwiftPackageReference section */

/* Begin XCSwiftPackageProductDependency section */
		94C2F79F2F2A1E34000C1A98 /* Auth */ = {
			isa = XCSwiftPackageProductDependency;
			package = 94C2F79E2F2A1E34000C1A98 /* XCRemoteSwiftPackageReference "supabase-swift" */;
			productName = Auth;
		};
		94C2F7A12F2A1E34000C1A98 /* Functions */ = {
			isa = XCSwiftPackageProductDependency;
			package = 94C2F79E2F2A1E34000C1A98 /* XCRemoteSwiftPackageReference "supabase-swift" */;
			productName = Functions;
		};
		94C2F7A32F2A1E34000C1A98 /* PostgREST */ = {
			isa = XCSwiftPackageProductDependency;
			package = 94C2F79E2F2A1E34000C1A98 /* XCRemoteSwiftPackageReference "supabase-swift" */;
			productName = PostgREST;
		};
		94C2F7A52F2A1E34000C1A98 /* Realtime */ = {
			isa = XCSwiftPackageProductDependency;
			package = 94C2F79E2F2A1E34000C1A98 /* XCRemoteSwiftPackageReference "supabase-swift" */;
			productName = Realtime;
		};
		94C2F7A72F2A1E34000C1A98 /* Storage */ = {
			isa = XCSwiftPackageProductDependency;
			package = 94C2F79E2F2A1E34000C1A98 /* XCRemoteSwiftPackageReference "supabase-swift" */;
			productName = Storage;
		};
		94C2F7AD2F2A1F63000C1A98 /* Supabase */ = {
			isa = XCSwiftPackageProductDependency;
			package = 94C2F79E2F2A1E34000C1A98 /* XCRemoteSwiftPackageReference "supabase-swift" */;
			productName = Supabase;
		};
		94C2F7D52F2A2FFE000C1A98 /* Auth */ = {
			isa = XCSwiftPackageProductDependency;
			package = 94C2F79E2F2A1E34000C1A98 /* XCRemoteSwiftPackageReference "supabase-swift" */;
			productName = Auth;
		};
		94C2F7D72F2A3005000C1A98 /* Functions */ = {
			isa = XCSwiftPackageProductDependency;
			package = 94C2F79E2F2A1E34000C1A98 /* XCRemoteSwiftPackageReference "supabase-swift" */;
			productName = Functions;
		};
		94C2F7D92F2A3009000C1A98 /* PostgREST */ = {
			isa = XCSwiftPackageProductDependency;
			package = 94C2F79E2F2A1E34000C1A98 /* XCRemoteSwiftPackageReference "supabase-swift" */;
			productName = PostgREST;
		};
		94C2F7DB2F2A300D000C1A98 /* Realtime */ = {
			isa = XCSwiftPackageProductDependency;
			package = 94C2F79E2F2A1E34000C1A98 /* XCRemoteSwiftPackageReference "supabase-swift" */;
			productName = Realtime;
		};
		94C2F7DD2F2A3016000C1A98 /* Storage */ = {
			isa = XCSwiftPackageProductDependency;
			package = 94C2F79E2F2A1E34000C1A98 /* XCRemoteSwiftPackageReference "supabase-swift" */;
			productName = Storage;
		};
		94C2F7DF2F2A3059000C1A98 /* Supabase */ = {
			isa = XCSwiftPackageProductDependency;
			package = 94C2F79E2F2A1E34000C1A98 /* XCRemoteSwiftPackageReference "supabase-swift" */;
			productName = Supabase;
		};
/* End XCSwiftPackageProductDependency section */
	};
	rootObject = 94319C292E96742000CCF6A3 /* Project object */;
}
